# This file is @generated by PDM.
# It is not intended for manual editing.

[metadata]
groups = ["default"]
cross_platform = true
static_urls = false
lock_version = "4.3"
content_hash = "sha256:dabb8be3d39a9184d1fbfb68734b7d2265e8545fedb6ab0316a51e53213a1c4f"

[[package]]
name = "pylatexenc"
version = "2.10"
summary = "Simple LaTeX parser providing latex-to-unicode and unicode-to-latex conversion"
files = [
    {file = "pylatexenc-2.10.tar.gz", hash = "sha256:3dd8fd84eb46dc30bee1e23eaab8d8fb5a7f507347b23e5f38ad9675c84f40d3"},
]
